
Microsoft Visual Studio Solution File, Format Version 12.00
# Visual Studio Version 17
VisualStudioVersion = 17.8.34309.116
MinimumVisualStudioVersion = 10.0.40219.1
Project("{FAE04EC0-301F-11D3-BF4B-00C04F79EFBC}") = "EmptyApi", "EmptyApi.csproj", "{4FC3E387-1A5D-4B56-AAA8-72B628319895}"
EndProject
Global
	GlobalSection(SolutionConfigurationPlatforms) = preSolution
		Debug|Any CPU = Debug|Any CPU
		Release|Any CPU = Release|Any CPU
	EndGlobalSection
	GlobalSection(ProjectConfigurationPlatforms) = postSolution
		{4FC3E387-1A5D-4B56-AAA8-72B628319895}.Debug|Any CPU.ActiveCfg = Debug|Any CPU
		{4FC3E387-1A5D-4B56-AAA8-72B628319895}.Debug|Any CPU.Build.0 = Debug|Any CPU
		{4FC3E387-1A5D-4B56-AAA8-72B628319895}.Release|Any CPU.ActiveCfg = Release|Any CPU
		{4FC3E387-1A5D-4B56-AAA8-72B628319895}.Release|Any CPU.Build.0 = Release|Any CPU
	EndGlobalSection
	GlobalSection(SolutionProperties) = preSolution
		HideSolutionNode = FALSE
	EndGlobalSection
	GlobalSection(ExtensibilityGlobals) = postSolution
		SolutionGuid = {92D0AC7A-6854-4BF6-BB8B-6EDDAC645B3D}
	EndGlobalSection
EndGlobal
